
Microsoft Visual Studio Solution File, Format Version 12.00
# Visual Studio Version 17
VisualStudioVersion = 17.5.33530.505
MinimumVisualStudioVersion = 10.0.40219.1
Project("{FAE04EC0-301F-11D3-BF4B-00C04F79EFBC}") = "Task_1", "Task_1\Task_1.csproj", "{D170BD40-2BF6-4FAD-B3B1-786C49567BEA}"
EndProject
Global
	GlobalSection(SolutionConfigurationPlatforms) = preSolution
		Debug|Any CPU = Debug|Any CPU
		Release|Any CPU = Release|Any CPU
	EndGlobalSection
	GlobalSection(ProjectConfigurationPlatforms) = postSolution
		{D170BD40-2BF6-4FAD-B3B1-786C49567BEA}.Debug|Any CPU.ActiveCfg = Debug|Any CPU
		{D170BD40-2BF6-4FAD-B3B1-786C49567BEA}.Debug|Any CPU.Build.0 = Debug|Any CPU
		{D170BD40-2BF6-4FAD-B3B1-786C49567BEA}.Release|Any CPU.ActiveCfg = Release|Any CPU
		{D170BD40-2BF6-4FAD-B3B1-786C49567BEA}.Release|Any CPU.Build.0 = Release|Any CPU
	EndGlobalSection
	GlobalSection(SolutionProperties) = preSolution
		HideSolutionNode = FALSE
	EndGlobalSection
	GlobalSection(ExtensibilityGlobals) = postSolution
		SolutionGuid = {70C1AF88-D6FC-4754-9A61-92970AC7D1C5}
	EndGlobalSection
EndGlobal
